// !$*UTF8*$!
{
	archiveVersion = 1;
	classes = {
	};
	objectVersion = 54;
	objects = {

/* Begin PBXBuildFile section */
		005E78A82AD44DFE00B870D0 /* FacetecManager.swift in Sources */ = {isa = PBXBuildFile; fileRef = 005E78A72AD44DFE00B870D0 /* FacetecManager.swift */; };
		005E78AA2AD44E2E00B870D0 /* Facetec.m in Sources */ = {isa = PBXBuildFile; fileRef = 005E78A92AD44E2E00B870D0 /* Facetec.m */; };
		005E78B72AD458D100B870D0 /* LivenessCheckProcessor.swift in Sources */ = {isa = PBXBuildFile; fileRef = 005E78AF2AD458D000B870D0 /* LivenessCheckProcessor.swift */; };
		005E78B82AD458D100B870D0 /* ProcesingDelegate.swift in Sources */ = {isa = PBXBuildFile; fileRef = 005E78B02AD458D000B870D0 /* ProcesingDelegate.swift */; };
		005E78B92AD458D100B870D0 /* AuthenticateProcessor.swift in Sources */ = {isa = PBXBuildFile; fileRef = 005E78B12AD458D000B870D0 /* AuthenticateProcessor.swift */; };
		005E78BA2AD458D100B870D0 /* PhotoIDMatchProcessor.swift in Sources */ = {isa = PBXBuildFile; fileRef = 005E78B22AD458D000B870D0 /* PhotoIDMatchProcessor.swift */; };
		005E78BB2AD458D100B870D0 /* EnrollmentProcessor.swift in Sources */ = {isa = PBXBuildFile; fileRef = 005E78B32AD458D000B870D0 /* EnrollmentProcessor.swift */; };
		005E78BD2AD458D100B870D0 /* PhotoIDScanProcessor.swift in Sources */ = {isa = PBXBuildFile; fileRef = 005E78B62AD458D000B870D0 /* PhotoIDScanProcessor.swift */; };
		005E78BF2AD45A4300B870D0 /* Config.swift in Sources */ = {isa = PBXBuildFile; fileRef = 005E78BE2AD45A4300B870D0 /* Config.swift */; };
		005E78DB2AD4675A00B870D0 /* PseudoFullscreenSuccessView.swift in Sources */ = {isa = PBXBuildFile; fileRef = 005E78C52AD4675A00B870D0 /* PseudoFullscreenSuccessView.swift */; };
		005E78DC2AD4675A00B870D0 /* EKYCActivityIndicatorView.swift in Sources */ = {isa = PBXBuildFile; fileRef = 005E78C62AD4675A00B870D0 /* EKYCActivityIndicatorView.swift */; };
		005E78DD2AD4675A00B870D0 /* EKYCSuccessView.swift in Sources */ = {isa = PBXBuildFile; fileRef = 005E78C72AD4675A00B870D0 /* EKYCSuccessView.swift */; };
		005E78DE2AD4675A00B870D0 /* NFCCardScanningAnimationView.swift in Sources */ = {isa = PBXBuildFile; fileRef = 005E78C82AD4675A00B870D0 /* NFCCardScanningAnimationView.swift */; };
		005E78DF2AD4675A00B870D0 /* AdditionalReviewAnimationView.swift in Sources */ = {isa = PBXBuildFile; fileRef = 005E78C92AD4675A00B870D0 /* AdditionalReviewAnimationView.swift */; };
		005E78E02AD4675A00B870D0 /* AdditionalReviewAnimationViewRed.swift in Sources */ = {isa = PBXBuildFile; fileRef = 005E78CA2AD4675A00B870D0 /* AdditionalReviewAnimationViewRed.swift */; };
		005E78E12AD4675A00B870D0 /* PseudoFullscreenUnsuccessView.swift in Sources */ = {isa = PBXBuildFile; fileRef = 005E78CB2AD4675A00B870D0 /* PseudoFullscreenUnsuccessView.swift */; };
		005E78E22AD4675A00B870D0 /* NFCScanningAnimationView.swift in Sources */ = {isa = PBXBuildFile; fileRef = 005E78CC2AD4675A00B870D0 /* NFCScanningAnimationView.swift */; };
		005E78E32AD4675A00B870D0 /* NFCScanningAnimationViewGreen.swift in Sources */ = {isa = PBXBuildFile; fileRef = 005E78CD2AD4675A00B870D0 /* NFCScanningAnimationViewGreen.swift */; };
		005E78E42AD4675A00B870D0 /* EKYCScrollIndicatorAnimationView.swift in Sources */ = {isa = PBXBuildFile; fileRef = 005E78CE2AD4675A00B870D0 /* EKYCScrollIndicatorAnimationView.swift */; };
		005E78E52AD4675A00B870D0 /* NFCScanningAnimationViewBlack.swift in Sources */ = {isa = PBXBuildFile; fileRef = 005E78CF2AD4675A00B870D0 /* NFCScanningAnimationViewBlack.swift */; };
		005E78E62AD4675A00B870D0 /* WellRoundedActivityIndicatorView.swift in Sources */ = {isa = PBXBuildFile; fileRef = 005E78D02AD4675A00B870D0 /* WellRoundedActivityIndicatorView.swift */; };
		005E78E72AD4675A00B870D0 /* WellRoundedUnsuccessView.swift in Sources */ = {isa = PBXBuildFile; fileRef = 005E78D12AD4675A00B870D0 /* WellRoundedUnsuccessView.swift */; };
		005E78E82AD4675A00B870D0 /* PseudoFullscreenActivityIndicatorView.swift in Sources */ = {isa = PBXBuildFile; fileRef = 005E78D22AD4675A00B870D0 /* PseudoFullscreenActivityIndicatorView.swift */; };
		005E78E92AD4675A00B870D0 /* NFCScanningAnimationViewRed.swift in Sources */ = {isa = PBXBuildFile; fileRef = 005E78D32AD4675A00B870D0 /* NFCScanningAnimationViewRed.swift */; };
		005E78EA2AD4675A00B870D0 /* NFCCardStartingAnimationView.swift in Sources */ = {isa = PBXBuildFile; fileRef = 005E78D42AD4675A00B870D0 /* NFCCardStartingAnimationView.swift */; };
		005E78EB2AD4675A00B870D0 /* WellRoundedSuccessView.swift in Sources */ = {isa = PBXBuildFile; fileRef = 005E78D52AD4675A00B870D0 /* WellRoundedSuccessView.swift */; };
		005E78EC2AD4675A00B870D0 /* EKYCUnsuccessView.swift in Sources */ = {isa = PBXBuildFile; fileRef = 005E78D62AD4675A00B870D0 /* EKYCUnsuccessView.swift */; };
		005E78ED2AD4675A00B870D0 /* AdditionalReviewAnimationViewOrange.swift in Sources */ = {isa = PBXBuildFile; fileRef = 005E78D72AD4675A00B870D0 /* AdditionalReviewAnimationViewOrange.swift */; };
		005E78EE2AD4675A00B870D0 /* NFCStartingAnimationView.swift in Sources */ = {isa = PBXBuildFile; fileRef = 005E78D82AD4675A00B870D0 /* NFCStartingAnimationView.swift */; };
		005E78EF2AD4675A00B870D0 /* Assets.xcassets in Resources */ = {isa = PBXBuildFile; fileRef = 005E78D92AD4675A00B870D0 /* Assets.xcassets */; };
		008F5E942AD5259F007E2EFE /* FaceTecSDK.xcframework in Frameworks */ = {isa = PBXBuildFile; fileRef = 008F5E932AD5259F007E2EFE /* FaceTecSDK.xcframework */; };
		008F5E952AD5259F007E2EFE /* FaceTecSDK.xcframework in Embed Frameworks */ = {isa = PBXBuildFile; fileRef = 008F5E932AD5259F007E2EFE /* FaceTecSDK.xcframework */; settings = {ATTRIBUTES = (CodeSignOnCopy, RemoveHeadersOnCopy, ); }; };
		0092AC682ADE68FD00987100 /* UIColor.swift in Sources */ = {isa = PBXBuildFile; fileRef = 0092AC672ADE68FD00987100 /* UIColor.swift */; };
		00E356F31AD99517003FC87E /* FacetecDemoTests.m in Sources */ = {isa = PBXBuildFile; fileRef = 00E356F21AD99517003FC87E /* FacetecDemoTests.m */; };
		0C80B921A6F3F58F76C31292 /* libPods-FacetecDemo.a in Frameworks */ = {isa = PBXBuildFile; fileRef = 5DCACB8F33CDC322A6C60F78 /* libPods-FacetecDemo.a */; };
		13B07FBC1A68108700A75B9A /* AppDelegate.mm in Sources */ = {isa = PBXBuildFile; fileRef = 13B07FB01A68108700A75B9A /* AppDelegate.mm */; };
		13B07FBF1A68108700A75B9A /* Images.xcassets in Resources */ = {isa = PBXBuildFile; fileRef = 13B07FB51A68108700A75B9A /* Images.xcassets */; };
		13B07FC11A68108700A75B9A /* main.m in Sources */ = {isa = PBXBuildFile; fileRef = 13B07FB71A68108700A75B9A /* main.m */; };
		2AF8203931E14A69894DBD18 /* app_store.png in Resources */ = {isa = PBXBuildFile; fileRef = A55CCE8FE7CA4FF5B6A2768D /* app_store.png */; };
		7699B88040F8A987B510C191 /* libPods-FacetecDemo-FacetecDemoTests.a in Frameworks */ = {isa = PBXBuildFile; fileRef = 19F6CBCC0A4E27FBF8BF4A61 /* libPods-FacetecDemo-FacetecDemoTests.a */; };
		81AB9BB82411601600AC10FF /* LaunchScreen.storyboard in Resources */ = {isa = PBXBuildFile; fileRef = 81AB9BB72411601600AC10FF /* LaunchScreen.storyboard */; };
/* End PBXBuildFile section */

/* Begin PBXContainerItemProxy section */
		00E356F41AD99517003FC87E /* PBXContainerItemProxy */ = {
			isa = PBXContainerItemProxy;
			containerPortal = 83CBB9F71A601CBA00E9B192 /* Project object */;
			proxyType = 1;
			remoteGlobalIDString = 13B07F861A680F5B00A75B9A;
			remoteInfo = FacetecDemo;
		};
/* End PBXContainerItemProxy section */

/* Begin PBXCopyFilesBuildPhase section */
		005E78F32AD4691300B870D0 /* Embed Frameworks */ = {
			isa = PBXCopyFilesBuildPhase;
			buildActionMask = 2147483647;
			dstPath = "";
			dstSubfolderSpec = 10;
			files = (
				008F5E952AD5259F007E2EFE /* FaceTecSDK.xcframework in Embed Frameworks */,
			);
			name = "Embed Frameworks";
			runOnlyForDeploymentPostprocessing = 0;
		};
/* End PBXCopyFilesBuildPhase section */

/* Begin PBXFileReference section */
		005E78A42AD44CB500B870D0 /* FacetecDemo-Bridging-Header.h */ = {isa = PBXFileReference; lastKnownFileType = sourcecode.c.h; path = "FacetecDemo-Bridging-Header.h"; sourceTree = "<group>"; };
		005E78A72AD44DFE00B870D0 /* FacetecManager.swift */ = {isa = PBXFileReference; lastKnownFileType = sourcecode.swift; name = FacetecManager.swift; path = FacetecDemo/FacetecManager.swift; sourceTree = "<group>"; };
		005E78A92AD44E2E00B870D0 /* Facetec.m */ = {isa = PBXFileReference; lastKnownFileType = sourcecode.c.objc; name = Facetec.m; path = FacetecDemo/Facetec.m; sourceTree = "<group>"; };
		005E78AF2AD458D000B870D0 /* LivenessCheckProcessor.swift */ = {isa = PBXFileReference; fileEncoding = 4; lastKnownFileType = sourcecode.swift; path = LivenessCheckProcessor.swift; sourceTree = "<group>"; };
		005E78B02AD458D000B870D0 /* ProcesingDelegate.swift */ = {isa = PBXFileReference; fileEncoding = 4; lastKnownFileType = sourcecode.swift; path = ProcesingDelegate.swift; sourceTree = "<group>"; };
		005E78B12AD458D000B870D0 /* AuthenticateProcessor.swift */ = {isa = PBXFileReference; fileEncoding = 4; lastKnownFileType = sourcecode.swift; path = AuthenticateProcessor.swift; sourceTree = "<group>"; };
		005E78B22AD458D000B870D0 /* PhotoIDMatchProcessor.swift */ = {isa = PBXFileReference; fileEncoding = 4; lastKnownFileType = sourcecode.swift; path = PhotoIDMatchProcessor.swift; sourceTree = "<group>"; };
		005E78B32AD458D000B870D0 /* EnrollmentProcessor.swift */ = {isa = PBXFileReference; fileEncoding = 4; lastKnownFileType = sourcecode.swift; path = EnrollmentProcessor.swift; sourceTree = "<group>"; };
		005E78B62AD458D000B870D0 /* PhotoIDScanProcessor.swift */ = {isa = PBXFileReference; fileEncoding = 4; lastKnownFileType = sourcecode.swift; path = PhotoIDScanProcessor.swift; sourceTree = "<group>"; };
		005E78BE2AD45A4300B870D0 /* Config.swift */ = {isa = PBXFileReference; fileEncoding = 4; lastKnownFileType = sourcecode.swift; name = Config.swift; path = FacetecDemo/Config.swift; sourceTree = "<group>"; };
		005E78C52AD4675A00B870D0 /* PseudoFullscreenSuccessView.swift */ = {isa = PBXFileReference; fileEncoding = 4; lastKnownFileType = sourcecode.swift; path = PseudoFullscreenSuccessView.swift; sourceTree = "<group>"; };
		005E78C62AD4675A00B870D0 /* EKYCActivityIndicatorView.swift */ = {isa = PBXFileReference; fileEncoding = 4; lastKnownFileType = sourcecode.swift; path = EKYCActivityIndicatorView.swift; sourceTree = "<group>"; };
		005E78C72AD4675A00B870D0 /* EKYCSuccessView.swift */ = {isa = PBXFileReference; fileEncoding = 4; lastKnownFileType = sourcecode.swift; path = EKYCSuccessView.swift; sourceTree = "<group>"; };
		005E78C82AD4675A00B870D0 /* NFCCardScanningAnimationView.swift */ = {isa = PBXFileReference; fileEncoding = 4; lastKnownFileType = sourcecode.swift; path = NFCCardScanningAnimationView.swift; sourceTree = "<group>"; };
		005E78C92AD4675A00B870D0 /* AdditionalReviewAnimationView.swift */ = {isa = PBXFileReference; fileEncoding = 4; lastKnownFileType = sourcecode.swift; path = AdditionalReviewAnimationView.swift; sourceTree = "<group>"; };
		005E78CA2AD4675A00B870D0 /* AdditionalReviewAnimationViewRed.swift */ = {isa = PBXFileReference; fileEncoding = 4; lastKnownFileType = sourcecode.swift; path = AdditionalReviewAnimationViewRed.swift; sourceTree = "<group>"; };
		005E78CB2AD4675A00B870D0 /* PseudoFullscreenUnsuccessView.swift */ = {isa = PBXFileReference; fileEncoding = 4; lastKnownFileType = sourcecode.swift; path = PseudoFullscreenUnsuccessView.swift; sourceTree = "<group>"; };
		005E78CC2AD4675A00B870D0 /* NFCScanningAnimationView.swift */ = {isa = PBXFileReference; fileEncoding = 4; lastKnownFileType = sourcecode.swift; path = NFCScanningAnimationView.swift; sourceTree = "<group>"; };
		005E78CD2AD4675A00B870D0 /* NFCScanningAnimationViewGreen.swift */ = {isa = PBXFileReference; fileEncoding = 4; lastKnownFileType = sourcecode.swift; path = NFCScanningAnimationViewGreen.swift; sourceTree = "<group>"; };
		005E78CE2AD4675A00B870D0 /* EKYCScrollIndicatorAnimationView.swift */ = {isa = PBXFileReference; fileEncoding = 4; lastKnownFileType = sourcecode.swift; path = EKYCScrollIndicatorAnimationView.swift; sourceTree = "<group>"; };
		005E78CF2AD4675A00B870D0 /* NFCScanningAnimationViewBlack.swift */ = {isa = PBXFileReference; fileEncoding = 4; lastKnownFileType = sourcecode.swift; path = NFCScanningAnimationViewBlack.swift; sourceTree = "<group>"; };
		005E78D02AD4675A00B870D0 /* WellRoundedActivityIndicatorView.swift */ = {isa = PBXFileReference; fileEncoding = 4; lastKnownFileType = sourcecode.swift; path = WellRoundedActivityIndicatorView.swift; sourceTree = "<group>"; };
		005E78D12AD4675A00B870D0 /* WellRoundedUnsuccessView.swift */ = {isa = PBXFileReference; fileEncoding = 4; lastKnownFileType = sourcecode.swift; path = WellRoundedUnsuccessView.swift; sourceTree = "<group>"; };
		005E78D22AD4675A00B870D0 /* PseudoFullscreenActivityIndicatorView.swift */ = {isa = PBXFileReference; fileEncoding = 4; lastKnownFileType = sourcecode.swift; path = PseudoFullscreenActivityIndicatorView.swift; sourceTree = "<group>"; };
		005E78D32AD4675A00B870D0 /* NFCScanningAnimationViewRed.swift */ = {isa = PBXFileReference; fileEncoding = 4; lastKnownFileType = sourcecode.swift; path = NFCScanningAnimationViewRed.swift; sourceTree = "<group>"; };
		005E78D42AD4675A00B870D0 /* NFCCardStartingAnimationView.swift */ = {isa = PBXFileReference; fileEncoding = 4; lastKnownFileType = sourcecode.swift; path = NFCCardStartingAnimationView.swift; sourceTree = "<group>"; };
		005E78D52AD4675A00B870D0 /* WellRoundedSuccessView.swift */ = {isa = PBXFileReference; fileEncoding = 4; lastKnownFileType = sourcecode.swift; path = WellRoundedSuccessView.swift; sourceTree = "<group>"; };
		005E78D62AD4675A00B870D0 /* EKYCUnsuccessView.swift */ = {isa = PBXFileReference; fileEncoding = 4; lastKnownFileType = sourcecode.swift; path = EKYCUnsuccessView.swift; sourceTree = "<group>"; };
		005E78D72AD4675A00B870D0 /* AdditionalReviewAnimationViewOrange.swift */ = {isa = PBXFileReference; fileEncoding = 4; lastKnownFileType = sourcecode.swift; path = AdditionalReviewAnimationViewOrange.swift; sourceTree = "<group>"; };
		005E78D82AD4675A00B870D0 /* NFCStartingAnimationView.swift */ = {isa = PBXFileReference; fileEncoding = 4; lastKnownFileType = sourcecode.swift; path = NFCStartingAnimationView.swift; sourceTree = "<group>"; };
		005E78D92AD4675A00B870D0 /* Assets.xcassets */ = {isa = PBXFileReference; lastKnownFileType = folder.assetcatalog; path = Assets.xcassets; sourceTree = "<group>"; };
		008F5E932AD5259F007E2EFE /* FaceTecSDK.xcframework */ = {isa = PBXFileReference; lastKnownFileType = wrapper.xcframework; name = FaceTecSDK.xcframework; path = "FacetecDemo/Framework/FaceTecSDK-ios-9.6.54/FaceTecSDK.xcframework"; sourceTree = "<group>"; };
		0092AC672ADE68FD00987100 /* UIColor.swift */ = {isa = PBXFileReference; lastKnownFileType = sourcecode.swift; path = UIColor.swift; sourceTree = "<group>"; };
		00E356EE1AD99517003FC87E /* FacetecDemoTests.xctest */ = {isa = PBXFileReference; explicitFileType = wrapper.cfbundle; includeInIndex = 0; path = FacetecDemoTests.xctest; sourceTree = BUILT_PRODUCTS_DIR; };
		00E356F11AD99517003FC87E /* Info.plist */ = {isa = PBXFileReference; lastKnownFileType = text.plist.xml; path = Info.plist; sourceTree = "<group>"; };
		00E356F21AD99517003FC87E /* FacetecDemoTests.m */ = {isa = PBXFileReference; lastKnownFileType = sourcecode.c.objc; path = FacetecDemoTests.m; sourceTree = "<group>"; };
		13B07F961A680F5B00A75B9A /* FacetecDemo.app */ = {isa = PBXFileReference; explicitFileType = wrapper.application; includeInIndex = 0; path = FacetecDemo.app; sourceTree = BUILT_PRODUCTS_DIR; };
		13B07FAF1A68108700A75B9A /* AppDelegate.h */ = {isa = PBXFileReference; fileEncoding = 4; lastKnownFileType = sourcecode.c.h; name = AppDelegate.h; path = FacetecDemo/AppDelegate.h; sourceTree = "<group>"; };
		13B07FB01A68108700A75B9A /* AppDelegate.mm */ = {isa = PBXFileReference; fileEncoding = 4; lastKnownFileType = sourcecode.cpp.objcpp; name = AppDelegate.mm; path = FacetecDemo/AppDelegate.mm; sourceTree = "<group>"; };
		13B07FB51A68108700A75B9A /* Images.xcassets */ = {isa = PBXFileReference; lastKnownFileType = folder.assetcatalog; name = Images.xcassets; path = FacetecDemo/Images.xcassets; sourceTree = "<group>"; };
		13B07FB61A68108700A75B9A /* Info.plist */ = {isa = PBXFileReference; fileEncoding = 4; lastKnownFileType = text.plist.xml; name = Info.plist; path = FacetecDemo/Info.plist; sourceTree = "<group>"; };
		13B07FB71A68108700A75B9A /* main.m */ = {isa = PBXFileReference; fileEncoding = 4; lastKnownFileType = sourcecode.c.objc; name = main.m; path = FacetecDemo/main.m; sourceTree = "<group>"; };
		19F6CBCC0A4E27FBF8BF4A61 /* libPods-FacetecDemo-FacetecDemoTests.a */ = {isa = PBXFileReference; explicitFileType = archive.ar; includeInIndex = 0; path = "libPods-FacetecDemo-FacetecDemoTests.a"; sourceTree = BUILT_PRODUCTS_DIR; };
		3B4392A12AC88292D35C810B /* Pods-FacetecDemo.debug.xcconfig */ = {isa = PBXFileReference; includeInIndex = 1; lastKnownFileType = text.xcconfig; name = "Pods-FacetecDemo.debug.xcconfig"; path = "Target Support Files/Pods-FacetecDemo/Pods-FacetecDemo.debug.xcconfig"; sourceTree = "<group>"; };
		5709B34CF0A7D63546082F79 /* Pods-FacetecDemo.release.xcconfig */ = {isa = PBXFileReference; includeInIndex = 1; lastKnownFileType = text.xcconfig; name = "Pods-FacetecDemo.release.xcconfig"; path = "Target Support Files/Pods-FacetecDemo/Pods-FacetecDemo.release.xcconfig"; sourceTree = "<group>"; };
		5B7EB9410499542E8C5724F5 /* Pods-FacetecDemo-FacetecDemoTests.debug.xcconfig */ = {isa = PBXFileReference; includeInIndex = 1; lastKnownFileType = text.xcconfig; name = "Pods-FacetecDemo-FacetecDemoTests.debug.xcconfig"; path = "Target Support Files/Pods-FacetecDemo-FacetecDemoTests/Pods-FacetecDemo-FacetecDemoTests.debug.xcconfig"; sourceTree = "<group>"; };
		5DCACB8F33CDC322A6C60F78 /* libPods-FacetecDemo.a */ = {isa = PBXFileReference; explicitFileType = archive.ar; includeInIndex = 0; path = "libPods-FacetecDemo.a"; sourceTree = BUILT_PRODUCTS_DIR; };
		81AB9BB72411601600AC10FF /* LaunchScreen.storyboard */ = {isa = PBXFileReference; fileEncoding = 4; lastKnownFileType = file.storyboard; name = LaunchScreen.storyboard; path = FacetecDemo/LaunchScreen.storyboard; sourceTree = "<group>"; };
		89C6BE57DB24E9ADA2F236DE /* Pods-FacetecDemo-FacetecDemoTests.release.xcconfig */ = {isa = PBXFileReference; includeInIndex = 1; lastKnownFileType = text.xcconfig; name = "Pods-FacetecDemo-FacetecDemoTests.release.xcconfig"; path = "Target Support Files/Pods-FacetecDemo-FacetecDemoTests/Pods-FacetecDemo-FacetecDemoTests.release.xcconfig"; sourceTree = "<group>"; };
		A55CCE8FE7CA4FF5B6A2768D /* app_store.png */ = {isa = PBXFileReference; explicitFileType = undefined; fileEncoding = 9; includeInIndex = 0; lastKnownFileType = unknown; name = app_store.png; path = ../src/assets/facetec/app_store.png; sourceTree = "<group>"; };
		ED297162215061F000B7C4FE /* JavaScriptCore.framework */ = {isa = PBXFileReference; lastKnownFileType = wrapper.framework; name = JavaScriptCore.framework; path = System/Library/Frameworks/JavaScriptCore.framework; sourceTree = SDKROOT; };
/* End PBXFileReference section */

/* Begin PBXFrameworksBuildPhase section */
		00E356EB1AD99517003FC87E /* Frameworks */ = {
			isa = PBXFrameworksBuildPhase;
			buildActionMask = 2147483647;
			files = (
				7699B88040F8A987B510C191 /* libPods-FacetecDemo-FacetecDemoTests.a in Frameworks */,
			);
			runOnlyForDeploymentPostprocessing = 0;
		};
		13B07F8C1A680F5B00A75B9A /* Frameworks */ = {
			isa = PBXFrameworksBuildPhase;
			buildActionMask = 2147483647;
			files = (
				008F5E942AD5259F007E2EFE /* FaceTecSDK.xcframework in Frameworks */,
				0C80B921A6F3F58F76C31292 /* libPods-FacetecDemo.a in Frameworks */,
			);
			runOnlyForDeploymentPostprocessing = 0;
		};
/* End PBXFrameworksBuildPhase section */

/* Begin PBXGroup section */
		005E78AB2AD458A000B870D0 /* Utilities */ = {
			isa = PBXGroup;
			children = (
				0092AC672ADE68FD00987100 /* UIColor.swift */,
			);
			name = Utilities;
			path = FacetecDemo/Utilities;
			sourceTree = "<group>";
		};
		005E78AE2AD458D000B870D0 /* Processors */ = {
			isa = PBXGroup;
			children = (
				005E78AF2AD458D000B870D0 /* LivenessCheckProcessor.swift */,
				005E78B02AD458D000B870D0 /* ProcesingDelegate.swift */,
				005E78B12AD458D000B870D0 /* AuthenticateProcessor.swift */,
				005E78B22AD458D000B870D0 /* PhotoIDMatchProcessor.swift */,
				005E78B32AD458D000B870D0 /* EnrollmentProcessor.swift */,
				005E78B62AD458D000B870D0 /* PhotoIDScanProcessor.swift */,
			);
			name = Processors;
			path = FacetecDemo/Processors;
			sourceTree = "<group>";
		};
		005E78C32AD4675A00B870D0 /* SupportingFiles */ = {
			isa = PBXGroup;
			children = (
				005E78C42AD4675A00B870D0 /* ThemeViews */,
				005E78D92AD4675A00B870D0 /* Assets.xcassets */,
			);
			name = SupportingFiles;
			path = FacetecDemo/SupportingFiles;
			sourceTree = "<group>";
		};
		005E78C42AD4675A00B870D0 /* ThemeViews */ = {
			isa = PBXGroup;
			children = (
				005E78C52AD4675A00B870D0 /* PseudoFullscreenSuccessView.swift */,
				005E78C62AD4675A00B870D0 /* EKYCActivityIndicatorView.swift */,
				005E78C72AD4675A00B870D0 /* EKYCSuccessView.swift */,
				005E78C82AD4675A00B870D0 /* NFCCardScanningAnimationView.swift */,
				005E78C92AD4675A00B870D0 /* AdditionalReviewAnimationView.swift */,
				005E78CA2AD4675A00B870D0 /* AdditionalReviewAnimationViewRed.swift */,
				005E78CB2AD4675A00B870D0 /* PseudoFullscreenUnsuccessView.swift */,
				005E78CC2AD4675A00B870D0 /* NFCScanningAnimationView.swift */,
				005E78CD2AD4675A00B870D0 /* NFCScanningAnimationViewGreen.swift */,
				005E78CE2AD4675A00B870D0 /* EKYCScrollIndicatorAnimationView.swift */,
				005E78CF2AD4675A00B870D0 /* NFCScanningAnimationViewBlack.swift */,
				005E78D02AD4675A00B870D0 /* WellRoundedActivityIndicatorView.swift */,
				005E78D12AD4675A00B870D0 /* WellRoundedUnsuccessView.swift */,
				005E78D22AD4675A00B870D0 /* PseudoFullscreenActivityIndicatorView.swift */,
				005E78D32AD4675A00B870D0 /* NFCScanningAnimationViewRed.swift */,
				005E78D42AD4675A00B870D0 /* NFCCardStartingAnimationView.swift */,
				005E78D52AD4675A00B870D0 /* WellRoundedSuccessView.swift */,
				005E78D62AD4675A00B870D0 /* EKYCUnsuccessView.swift */,
				005E78D72AD4675A00B870D0 /* AdditionalReviewAnimationViewOrange.swift */,
				005E78D82AD4675A00B870D0 /* NFCStartingAnimationView.swift */,
			);
			path = ThemeViews;
			sourceTree = "<group>";
		};
		00E356EF1AD99517003FC87E /* FacetecDemoTests */ = {
			isa = PBXGroup;
			children = (
				00E356F21AD99517003FC87E /* FacetecDemoTests.m */,
				00E356F01AD99517003FC87E /* Supporting Files */,
			);
			path = FacetecDemoTests;
			sourceTree = "<group>";
		};
		00E356F01AD99517003FC87E /* Supporting Files */ = {
			isa = PBXGroup;
			children = (
				00E356F11AD99517003FC87E /* Info.plist */,
			);
			name = "Supporting Files";
			sourceTree = "<group>";
		};
		13B07FAE1A68108700A75B9A /* FacetecDemo */ = {
			isa = PBXGroup;
			children = (
				005E78BE2AD45A4300B870D0 /* Config.swift */,
				005E78C32AD4675A00B870D0 /* SupportingFiles */,
				005E78AE2AD458D000B870D0 /* Processors */,
				005E78AB2AD458A000B870D0 /* Utilities */,
				13B07FAF1A68108700A75B9A /* AppDelegate.h */,
				13B07FB01A68108700A75B9A /* AppDelegate.mm */,
				13B07FB51A68108700A75B9A /* Images.xcassets */,
				13B07FB61A68108700A75B9A /* Info.plist */,
				81AB9BB72411601600AC10FF /* LaunchScreen.storyboard */,
				005E78A72AD44DFE00B870D0 /* FacetecManager.swift */,
				005E78A92AD44E2E00B870D0 /* Facetec.m */,
				13B07FB71A68108700A75B9A /* main.m */,
				005E78A42AD44CB500B870D0 /* FacetecDemo-Bridging-Header.h */,
			);
			name = FacetecDemo;
			sourceTree = "<group>";
		};
		2D16E6871FA4F8E400B85C8A /* Frameworks */ = {
			isa = PBXGroup;
			children = (
				008F5E932AD5259F007E2EFE /* FaceTecSDK.xcframework */,
				ED297162215061F000B7C4FE /* JavaScriptCore.framework */,
				5DCACB8F33CDC322A6C60F78 /* libPods-FacetecDemo.a */,
				19F6CBCC0A4E27FBF8BF4A61 /* libPods-FacetecDemo-FacetecDemoTests.a */,
			);
			name = Frameworks;
			sourceTree = "<group>";
		};
		6D05F9698141419B88B05F80 /* Resources */ = {
			isa = PBXGroup;
			children = (
				A55CCE8FE7CA4FF5B6A2768D /* app_store.png */,
			);
			name = Resources;
			sourceTree = "<group>";
		};
		832341AE1AAA6A7D00B99B32 /* Libraries */ = {
			isa = PBXGroup;
			children = (
			);
			name = Libraries;
			sourceTree = "<group>";
		};
		83CBB9F61A601CBA00E9B192 = {
			isa = PBXGroup;
			children = (
				13B07FAE1A68108700A75B9A /* FacetecDemo */,
				832341AE1AAA6A7D00B99B32 /* Libraries */,
				00E356EF1AD99517003FC87E /* FacetecDemoTests */,
				83CBBA001A601CBA00E9B192 /* Products */,
				2D16E6871FA4F8E400B85C8A /* Frameworks */,
				BBD78D7AC51CEA395F1C20DB /* Pods */,
				6D05F9698141419B88B05F80 /* Resources */,
			);
			indentWidth = 2;
			sourceTree = "<group>";
			tabWidth = 2;
			usesTabs = 0;
		};
		83CBBA001A601CBA00E9B192 /* Products */ = {
			isa = PBXGroup;
			children = (
				13B07F961A680F5B00A75B9A /* FacetecDemo.app */,
				00E356EE1AD99517003FC87E /* FacetecDemoTests.xctest */,
			);
			name = Products;
			sourceTree = "<group>";
		};
		BBD78D7AC51CEA395F1C20DB /* Pods */ = {
			isa = PBXGroup;
			children = (
				3B4392A12AC88292D35C810B /* Pods-FacetecDemo.debug.xcconfig */,
				5709B34CF0A7D63546082F79 /* Pods-FacetecDemo.release.xcconfig */,
				5B7EB9410499542E8C5724F5 /* Pods-FacetecDemo-FacetecDemoTests.debug.xcconfig */,
				89C6BE57DB24E9ADA2F236DE /* Pods-FacetecDemo-FacetecDemoTests.release.xcconfig */,
			);
			path = Pods;
			sourceTree = "<group>";
		};
/* End PBXGroup section */

/* Begin PBXNativeTarget section */
		00E356ED1AD99517003FC87E /* FacetecDemoTests */ = {
			isa = PBXNativeTarget;
			buildConfigurationList = 00E357021AD99517003FC87E /* Build configuration list for PBXNativeTarget "FacetecDemoTests" */;
			buildPhases = (
				A55EABD7B0C7F3A422A6CC61 /* [CP] Check Pods Manifest.lock */,
				00E356EA1AD99517003FC87E /* Sources */,
				00E356EB1AD99517003FC87E /* Frameworks */,
				00E356EC1AD99517003FC87E /* Resources */,
				C59DA0FBD6956966B86A3779 /* [CP] Embed Pods Frameworks */,
				F6A41C54EA430FDDC6A6ED99 /* [CP] Copy Pods Resources */,
			);
			buildRules = (
			);
			dependencies = (
				00E356F51AD99517003FC87E /* PBXTargetDependency */,
			);
			name = FacetecDemoTests;
			productName = FacetecDemoTests;
			productReference = 00E356EE1AD99517003FC87E /* FacetecDemoTests.xctest */;
			productType = "com.apple.product-type.bundle.unit-test";
		};
		13B07F861A680F5B00A75B9A /* FacetecDemo */ = {
			isa = PBXNativeTarget;
			buildConfigurationList = 13B07F931A680F5B00A75B9A /* Build configuration list for PBXNativeTarget "FacetecDemo" */;
			buildPhases = (
				C38B50BA6285516D6DCD4F65 /* [CP] Check Pods Manifest.lock */,
				FD10A7F022414F080027D42C /* Start Packager */,
				13B07F871A680F5B00A75B9A /* Sources */,
				13B07F8C1A680F5B00A75B9A /* Frameworks */,
				13B07F8E1A680F5B00A75B9A /* Resources */,
				00DD1BFF1BD5951E006B06BC /* Bundle React Native code and images */,
				00EEFC60759A1932668264C0 /* [CP] Embed Pods Frameworks */,
				E235C05ADACE081382539298 /* [CP] Copy Pods Resources */,
				005E78F32AD4691300B870D0 /* Embed Frameworks */,
			);
			buildRules = (
			);
			dependencies = (
			);
			name = FacetecDemo;
			productName = FacetecDemo;
			productReference = 13B07F961A680F5B00A75B9A /* FacetecDemo.app */;
			productType = "com.apple.product-type.application";
		};
/* End PBXNativeTarget section */

/* Begin PBXProject section */
		83CBB9F71A601CBA00E9B192 /* Project object */ = {
			isa = PBXProject;
			attributes = {
				LastUpgradeCheck = 1210;
				TargetAttributes = {
					00E356ED1AD99517003FC87E = {
						CreatedOnToolsVersion = 6.2;
						TestTargetID = 13B07F861A680F5B00A75B9A;
					};
					13B07F861A680F5B00A75B9A = {
						LastSwiftMigration = 1410;
					};
				};
			};
			buildConfigurationList = 83CBB9FA1A601CBA00E9B192 /* Build configuration list for PBXProject "FacetecDemo" */;
			compatibilityVersion = "Xcode 12.0";
			developmentRegion = en;
			hasScannedForEncodings = 0;
			knownRegions = (
				en,
				Base,
				ja,
				es,
				"pt-BR",
				"pt-PT",
			);
			mainGroup = 83CBB9F61A601CBA00E9B192;
			productRefGroup = 83CBBA001A601CBA00E9B192 /* Products */;
			projectDirPath = "";
			projectRoot = "";
			targets = (
				13B07F861A680F5B00A75B9A /* FacetecDemo */,
				00E356ED1AD99517003FC87E /* FacetecDemoTests */,
			);
		};
/* End PBXProject section */

/* Begin PBXResourcesBuildPhase section */
		00E356EC1AD99517003FC87E /* Resources */ = {
			isa = PBXResourcesBuildPhase;
			buildActionMask = 2147483647;
			files = (
			);
			runOnlyForDeploymentPostprocessing = 0;
		};
		13B07F8E1A680F5B00A75B9A /* Resources */ = {
			isa = PBXResourcesBuildPhase;
			buildActionMask = 2147483647;
			files = (
				81AB9BB82411601600AC10FF /* LaunchScreen.storyboard in Resources */,
				005E78EF2AD4675A00B870D0 /* Assets.xcassets in Resources */,
				13B07FBF1A68108700A75B9A /* Images.xcassets in Resources */,
				2AF8203931E14A69894DBD18 /* app_store.png in Resources */,
			);
			runOnlyForDeploymentPostprocessing = 0;
		};
/* End PBXResourcesBuildPhase section */

/* Begin PBXShellScriptBuildPhase section */
		00DD1BFF1BD5951E006B06BC /* Bundle React Native code and images */ = {
			isa = PBXShellScriptBuildPhase;
			buildActionMask = 2147483647;
			files = (
			);
			inputPaths = (
				"$(SRCROOT)/.xcode.env.local",
				"$(SRCROOT)/.xcode.env",
			);
			name = "Bundle React Native code and images";
			outputPaths = (
			);
			runOnlyForDeploymentPostprocessing = 0;
			shellPath = /bin/sh;
			shellScript = "set -e\n\nWITH_ENVIRONMENT=\"../node_modules/react-native/scripts/xcode/with-environment.sh\"\nREACT_NATIVE_XCODE=\"../node_modules/react-native/scripts/react-native-xcode.sh\"\n\n/bin/sh -c \"$WITH_ENVIRONMENT $REACT_NATIVE_XCODE\"\n";
		};
		00EEFC60759A1932668264C0 /* [CP] Embed Pods Frameworks */ = {
			isa = PBXShellScriptBuildPhase;
			buildActionMask = 2147483647;
			files = (
			);
			inputFileListPaths = (
				"${PODS_ROOT}/Target Support Files/Pods-FacetecDemo/Pods-FacetecDemo-frameworks-${CONFIGURATION}-input-files.xcfilelist",
			);
			name = "[CP] Embed Pods Frameworks";
			outputFileListPaths = (
				"${PODS_ROOT}/Target Support Files/Pods-FacetecDemo/Pods-FacetecDemo-frameworks-${CONFIGURATION}-output-files.xcfilelist",
			);
			runOnlyForDeploymentPostprocessing = 0;
			shellPath = /bin/sh;
			shellScript = "\"${PODS_ROOT}/Target Support Files/Pods-FacetecDemo/Pods-FacetecDemo-frameworks.sh\"\n";
			showEnvVarsInLog = 0;
		};
		A55EABD7B0C7F3A422A6CC61 /* [CP] Check Pods Manifest.lock */ = {
			isa = PBXShellScriptBuildPhase;
			buildActionMask = 2147483647;
			files = (
			);
			inputFileListPaths = (
			);
			inputPaths = (
				"${PODS_PODFILE_DIR_PATH}/Podfile.lock",
				"${PODS_ROOT}/Manifest.lock",
			);
			name = "[CP] Check Pods Manifest.lock";
			outputFileListPaths = (
			);
			outputPaths = (
				"$(DERIVED_FILE_DIR)/Pods-FacetecDemo-FacetecDemoTests-checkManifestLockResult.txt",
			);
			runOnlyForDeploymentPostprocessing = 0;
			shellPath = /bin/sh;
			shellScript = "diff \"${PODS_PODFILE_DIR_PATH}/Podfile.lock\" \"${PODS_ROOT}/Manifest.lock\" > /dev/null\nif [ $? != 0 ] ; then\n    # print error to STDERR\n    echo \"error: The sandbox is not in sync with the Podfile.lock. Run 'pod install' or update your CocoaPods installation.\" >&2\n    exit 1\nfi\n# This output is used by Xcode 'outputs' to avoid re-running this script phase.\necho \"SUCCESS\" > \"${SCRIPT_OUTPUT_FILE_0}\"\n";
			showEnvVarsInLog = 0;
		};
		C38B50BA6285516D6DCD4F65 /* [CP] Check Pods Manifest.lock */ = {
			isa = PBXShellScriptBuildPhase;
			buildActionMask = 2147483647;
			files = (
			);
			inputFileListPaths = (
			);
			inputPaths = (
				"${PODS_PODFILE_DIR_PATH}/Podfile.lock",
				"${PODS_ROOT}/Manifest.lock",
			);
			name = "[CP] Check Pods Manifest.lock";
			outputFileListPaths = (
			);
			outputPaths = (
				"$(DERIVED_FILE_DIR)/Pods-FacetecDemo-checkManifestLockResult.txt",
			);
			runOnlyForDeploymentPostprocessing = 0;
			shellPath = /bin/sh;
			shellScript = "diff \"${PODS_PODFILE_DIR_PATH}/Podfile.lock\" \"${PODS_ROOT}/Manifest.lock\" > /dev/null\nif [ $? != 0 ] ; then\n    # print error to STDERR\n    echo \"error: The sandbox is not in sync with the Podfile.lock. Run 'pod install' or update your CocoaPods installation.\" >&2\n    exit 1\nfi\n# This output is used by Xcode 'outputs' to avoid re-running this script phase.\necho \"SUCCESS\" > \"${SCRIPT_OUTPUT_FILE_0}\"\n";
			showEnvVarsInLog = 0;
		};
		C59DA0FBD6956966B86A3779 /* [CP] Embed Pods Frameworks */ = {
			isa = PBXShellScriptBuildPhase;
			buildActionMask = 2147483647;
			files = (
			);
			inputFileListPaths = (
				"${PODS_ROOT}/Target Support Files/Pods-FacetecDemo-FacetecDemoTests/Pods-FacetecDemo-FacetecDemoTests-frameworks-${CONFIGURATION}-input-files.xcfilelist",
			);
			name = "[CP] Embed Pods Frameworks";
			outputFileListPaths = (
				"${PODS_ROOT}/Target Support Files/Pods-FacetecDemo-FacetecDemoTests/Pods-FacetecDemo-FacetecDemoTests-frameworks-${CONFIGURATION}-output-files.xcfilelist",
			);
			runOnlyForDeploymentPostprocessing = 0;
			shellPath = /bin/sh;
			shellScript = "\"${PODS_ROOT}/Target Support Files/Pods-FacetecDemo-FacetecDemoTests/Pods-FacetecDemo-FacetecDemoTests-frameworks.sh\"\n";
			showEnvVarsInLog = 0;
		};
		E235C05ADACE081382539298 /* [CP] Copy Pods Resources */ = {
			isa = PBXShellScriptBuildPhase;
			buildActionMask = 2147483647;
			files = (
			);
			inputFileListPaths = (
				"${PODS_ROOT}/Target Support Files/Pods-FacetecDemo/Pods-FacetecDemo-resources-${CONFIGURATION}-input-files.xcfilelist",
			);
			name = "[CP] Copy Pods Resources";
			outputFileListPaths = (
				"${PODS_ROOT}/Target Support Files/Pods-FacetecDemo/Pods-FacetecDemo-resources-${CONFIGURATION}-output-files.xcfilelist",
			);
			runOnlyForDeploymentPostprocessing = 0;
			shellPath = /bin/sh;
			shellScript = "\"${PODS_ROOT}/Target Support Files/Pods-FacetecDemo/Pods-FacetecDemo-resources.sh\"\n";
			showEnvVarsInLog = 0;
		};
		F6A41C54EA430FDDC6A6ED99 /* [CP] Copy Pods Resources */ = {
			isa = PBXShellScriptBuildPhase;
			buildActionMask = 2147483647;
			files = (
			);
			inputFileListPaths = (
				"${PODS_ROOT}/Target Support Files/Pods-FacetecDemo-FacetecDemoTests/Pods-FacetecDemo-FacetecDemoTests-resources-${CONFIGURATION}-input-files.xcfilelist",
			);
			name = "[CP] Copy Pods Resources";
			outputFileListPaths = (
				"${PODS_ROOT}/Target Support Files/Pods-FacetecDemo-FacetecDemoTests/Pods-FacetecDemo-FacetecDemoTests-resources-${CONFIGURATION}-output-files.xcfilelist",
			);
			runOnlyForDeploymentPostprocessing = 0;
			shellPath = /bin/sh;
			shellScript = "\"${PODS_ROOT}/Target Support Files/Pods-FacetecDemo-FacetecDemoTests/Pods-FacetecDemo-FacetecDemoTests-resources.sh\"\n";
			showEnvVarsInLog = 0;
		};
		FD10A7F022414F080027D42C /* Start Packager */ = {
			isa = PBXShellScriptBuildPhase;
			buildActionMask = 2147483647;
			files = (
			);
			inputFileListPaths = (
			);
			inputPaths = (
			);
			name = "Start Packager";
			outputFileListPaths = (
			);
			outputPaths = (
			);
			runOnlyForDeploymentPostprocessing = 0;
			shellPath = /bin/sh;
			shellScript = "export RCT_METRO_PORT=\"${RCT_METRO_PORT:=8081}\"\necho \"export RCT_METRO_PORT=${RCT_METRO_PORT}\" > \"${SRCROOT}/../node_modules/react-native/scripts/.packager.env\"\nif [ -z \"${RCT_NO_LAUNCH_PACKAGER+xxx}\" ] ; then\n  if nc -w 5 -z localhost ${RCT_METRO_PORT} ; then\n    if ! curl -s \"http://localhost:${RCT_METRO_PORT}/status\" | grep -q \"packager-status:running\" ; then\n      echo \"Port ${RCT_METRO_PORT} already in use, packager is either not running or not running correctly\"\n      exit 2\n    fi\n  else\n    open \"$SRCROOT/../node_modules/react-native/scripts/launchPackager.command\" || echo \"Can't start packager automatically\"\n  fi\nfi\n";
			showEnvVarsInLog = 0;
		};
/* End PBXShellScriptBuildPhase section */

/* Begin PBXSourcesBuildPhase section */
		00E356EA1AD99517003FC87E /* Sources */ = {
			isa = PBXSourcesBuildPhase;
			buildActionMask = 2147483647;
			files = (
				00E356F31AD99517003FC87E /* FacetecDemoTests.m in Sources */,
			);
			runOnlyForDeploymentPostprocessing = 0;
		};
		13B07F871A680F5B00A75B9A /* Sources */ = {
			isa = PBXSourcesBuildPhase;
			buildActionMask = 2147483647;
			files = (
				005E78DE2AD4675A00B870D0 /* NFCCardScanningAnimationView.swift in Sources */,
				005E78E62AD4675A00B870D0 /* WellRoundedActivityIndicatorView.swift in Sources */,
				005E78DD2AD4675A00B870D0 /* EKYCSuccessView.swift in Sources */,
				005E78BB2AD458D100B870D0 /* EnrollmentProcessor.swift in Sources */,
				005E78ED2AD4675A00B870D0 /* AdditionalReviewAnimationViewOrange.swift in Sources */,
				0092AC682ADE68FD00987100 /* UIColor.swift in Sources */,
				13B07FBC1A68108700A75B9A /* AppDelegate.mm in Sources */,
				005E78E92AD4675A00B870D0 /* NFCScanningAnimationViewRed.swift in Sources */,
				005E78E42AD4675A00B870D0 /* EKYCScrollIndicatorAnimationView.swift in Sources */,
				005E78EE2AD4675A00B870D0 /* NFCStartingAnimationView.swift in Sources */,
				005E78DB2AD4675A00B870D0 /* PseudoFullscreenSuccessView.swift in Sources */,
				005E78E02AD4675A00B870D0 /* AdditionalReviewAnimationViewRed.swift in Sources */,
				005E78E52AD4675A00B870D0 /* NFCScanningAnimationViewBlack.swift in Sources */,
				005E78EB2AD4675A00B870D0 /* WellRoundedSuccessView.swift in Sources */,
				13B07FC11A68108700A75B9A /* main.m in Sources */,
				005E78BD2AD458D100B870D0 /* PhotoIDScanProcessor.swift in Sources */,
				005E78EA2AD4675A00B870D0 /* NFCCardStartingAnimationView.swift in Sources */,
				005E78BF2AD45A4300B870D0 /* Config.swift in Sources */,
				005E78E22AD4675A00B870D0 /* NFCScanningAnimationView.swift in Sources */,
				005E78A82AD44DFE00B870D0 /* FacetecManager.swift in Sources */,
				005E78B72AD458D100B870D0 /* LivenessCheckProcessor.swift in Sources */,
				005E78EC2AD4675A00B870D0 /* EKYCUnsuccessView.swift in Sources */,
				005E78E72AD4675A00B870D0 /* WellRoundedUnsuccessView.swift in Sources */,
				005E78DC2AD4675A00B870D0 /* EKYCActivityIndicatorView.swift in Sources */,
				005E78B92AD458D100B870D0 /* AuthenticateProcessor.swift in Sources */,
				005E78BA2AD458D100B870D0 /* PhotoIDMatchProcessor.swift in Sources */,
				005E78E32AD4675A00B870D0 /* NFCScanningAnimationViewGreen.swift in Sources */,
				005E78B82AD458D100B870D0 /* ProcesingDelegate.swift in Sources */,
				005E78E12AD4675A00B870D0 /* PseudoFullscreenUnsuccessView.swift in Sources */,
				005E78AA2AD44E2E00B870D0 /* Facetec.m in Sources */,
				005E78E82AD4675A00B870D0 /* PseudoFullscreenActivityIndicatorView.swift in Sources */,
				005E78DF2AD4675A00B870D0 /* AdditionalReviewAnimationView.swift in Sources */,
			);
			runOnlyForDeploymentPostprocessing = 0;
		};
/* End PBXSourcesBuildPhase section */

/* Begin PBXTargetDependency section */
		00E356F51AD99517003FC87E /* PBXTargetDependency */ = {
			isa = PBXTargetDependency;
			target = 13B07F861A680F5B00A75B9A /* FacetecDemo */;
			targetProxy = 00E356F41AD99517003FC87E /* PBXContainerItemProxy */;
		};
/* End PBXTargetDependency section */

/* Begin XCBuildConfiguration section */
		00E356F61AD99517003FC87E /* Debug */ = {
			isa = XCBuildConfiguration;
			baseConfigurationReference = 5B7EB9410499542E8C5724F5 /* Pods-FacetecDemo-FacetecDemoTests.debug.xcconfig */;
			buildSettings = {
				ALWAYS_EMBED_SWIFT_STANDARD_LIBRARIES = YES;
				BUNDLE_LOADER = "$(TEST_HOST)";
				GCC_PREPROCESSOR_DEFINITIONS = (
					"DEBUG=1",
					"$(inherited)",
				);
				INFOPLIST_FILE = FacetecDemoTests/Info.plist;
				IPHONEOS_DEPLOYMENT_TARGET = 12.4;
				LD_RUNPATH_SEARCH_PATHS = (
					"$(inherited)",
					"@executable_path/Frameworks",
					"@loader_path/Frameworks",
				);
				OTHER_LDFLAGS = (
					"-ObjC",
					"-lc++",
					"$(inherited)",
				);
				PRODUCT_BUNDLE_IDENTIFIER = "org.reactjs.native.example.$(PRODUCT_NAME:rfc1034identifier)";
				PRODUCT_NAME = "$(TARGET_NAME)";
				TEST_HOST = "$(BUILT_PRODUCTS_DIR)/FacetecDemo.app/FacetecDemo";
			};
			name = Debug;
		};
		00E356F71AD99517003FC87E /* Release */ = {
			isa = XCBuildConfiguration;
			baseConfigurationReference = 89C6BE57DB24E9ADA2F236DE /* Pods-FacetecDemo-FacetecDemoTests.release.xcconfig */;
			buildSettings = {
				ALWAYS_EMBED_SWIFT_STANDARD_LIBRARIES = YES;
				BUNDLE_LOADER = "$(TEST_HOST)";
				COPY_PHASE_STRIP = NO;
				INFOPLIST_FILE = FacetecDemoTests/Info.plist;
				IPHONEOS_DEPLOYMENT_TARGET = 12.4;
				LD_RUNPATH_SEARCH_PATHS = (
					"$(inherited)",
					"@executable_path/Frameworks",
					"@loader_path/Frameworks",
				);
				OTHER_LDFLAGS = (
					"-ObjC",
					"-lc++",
					"$(inherited)",
				);
				PRODUCT_BUNDLE_IDENTIFIER = "org.reactjs.native.example.$(PRODUCT_NAME:rfc1034identifier)";
				PRODUCT_NAME = "$(TARGET_NAME)";
				TEST_HOST = "$(BUILT_PRODUCTS_DIR)/FacetecDemo.app/FacetecDemo";
			};
			name = Release;
		};
		13B07F941A680F5B00A75B9A /* Debug */ = {
			isa = XCBuildConfiguration;
			baseConfigurationReference = 3B4392A12AC88292D35C810B /* Pods-FacetecDemo.debug.xcconfig */;
			buildSettings = {
				ASSETCATALOG_COMPILER_APPICON_NAME = AppIcon;
				CLANG_ENABLE_MODULES = YES;
				CODE_SIGN_IDENTITY = "Apple Development";
				CODE_SIGN_STYLE = Automatic;
				CURRENT_PROJECT_VERSION = 2;
				DEVELOPMENT_TEAM = X75WL435JA;
				ENABLE_BITCODE = NO;
				FRAMEWORK_SEARCH_PATHS = (
					"$(inherited)",
					"$(PROJECT_DIR)/FacetecDemo/Framework/FaceTecSDK-ios-9.6.54",
					"$(PROJECT_DIR)/FacetecDemo/Framework/FaceTecSDK-ios-9.6.54/FaceTecSDK.xcframework/ios-arm64_x86_64-simulator",
					"$(PROJECT_DIR)/FacetecDemo/Framework/FaceTecSDK-ios-9.6.54/FaceTecSDK.xcframework/ios-arm64",
				);
				INFOPLIST_FILE = FacetecDemo/Info.plist;
				LD_RUNPATH_SEARCH_PATHS = (
					"$(inherited)",
					"@executable_path/Frameworks",
				);
				MARKETING_VERSION = 1.0;
				OTHER_LDFLAGS = (
					"$(inherited)",
					"-ObjC",
					"-lc++",
				);
				PRODUCT_BUNDLE_IDENTIFIER = "com.privat.facetec-sdk";
				PRODUCT_NAME = FacetecDemo;
				PROVISIONING_PROFILE_SPECIFIER = "";
				SWIFT_OBJC_BRIDGING_HEADER = "FacetecDemo-Bridging-Header.h";
				SWIFT_OPTIMIZATION_LEVEL = "-Onone";
				SWIFT_VERSION = 5.0;
				VERSIONING_SYSTEM = "apple-generic";
			};
			name = Debug;
		};
		13B07F951A680F5B00A75B9A /* Release */ = {
			isa = XCBuildConfiguration;
			baseConfigurationReference = 5709B34CF0A7D63546082F79 /* Pods-FacetecDemo.release.xcconfig */;
			buildSettings = {
				ASSETCATALOG_COMPILER_APPICON_NAME = AppIcon;
				CLANG_ENABLE_MODULES = YES;
				CODE_SIGN_IDENTITY = "Apple Development";
				CODE_SIGN_STYLE = Automatic;
				CURRENT_PROJECT_VERSION = 2;
				DEVELOPMENT_TEAM = X75WL435JA;
				FRAMEWORK_SEARCH_PATHS = (
					"$(inherited)",
					"$(PROJECT_DIR)/FacetecDemo/Framework/FaceTecSDK-ios-9.6.54",
					"$(PROJECT_DIR)/FacetecDemo/Framework/FaceTecSDK-ios-9.6.54/FaceTecSDK.xcframework/ios-arm64_x86_64-simulator",
					"$(PROJECT_DIR)/FacetecDemo/Framework/FaceTecSDK-ios-9.6.54/FaceTecSDK.xcframework/ios-arm64",
				);
				INFOPLIST_FILE = FacetecDemo/Info.plist;
				LD_RUNPATH_SEARCH_PATHS = (
					"$(inherited)",
					"@executable_path/Frameworks",
				);
				MARKETING_VERSION = 1.0;
				OTHER_LDFLAGS = (
					"$(inherited)",
					"-ObjC",
					"-lc++",
				);
				PRODUCT_BUNDLE_IDENTIFIER = "com.privat.facetec-sdk";
				PRODUCT_NAME = FacetecDemo;
				PROVISIONING_PROFILE_SPECIFIER = "";
				SWIFT_OBJC_BRIDGING_HEADER = "FacetecDemo-Bridging-Header.h";
				SWIFT_VERSION = 5.0;
				VERSIONING_SYSTEM = "apple-generic";
			};
			name = Release;
		};
		83CBBA201A601CBA00E9B192 /* Debug */ = {
			isa = XCBuildConfiguration;
			buildSettings = {
				ALWAYS_SEARCH_USER_PATHS = NO;
				CLANG_ANALYZER_LOCALIZABILITY_NONLOCALIZED = YES;
				CLANG_CXX_LANGUAGE_STANDARD = "c++17";
				CLANG_CXX_LIBRARY = "libc++";
				CLANG_ENABLE_MODULES = YES;
				CLANG_ENABLE_OBJC_ARC = YES;
				CLANG_WARN_BLOCK_CAPTURE_AUTORELEASING = YES;
				CLANG_WARN_BOOL_CONVERSION = YES;
				CLANG_WARN_COMMA = YES;
				CLANG_WARN_CONSTANT_CONVERSION = YES;
				CLANG_WARN_DEPRECATED_OBJC_IMPLEMENTATIONS = YES;
				CLANG_WARN_DIRECT_OBJC_ISA_USAGE = YES_ERROR;
				CLANG_WARN_EMPTY_BODY = YES;
				CLANG_WARN_ENUM_CONVERSION = YES;
				CLANG_WARN_INFINITE_RECURSION = YES;
				CLANG_WARN_INT_CONVERSION = YES;
				CLANG_WARN_NON_LITERAL_NULL_CONVERSION = YES;
				CLANG_WARN_OBJC_IMPLICIT_RETAIN_SELF = YES;
				CLANG_WARN_OBJC_LITERAL_CONVERSION = YES;
				CLANG_WARN_OBJC_ROOT_CLASS = YES_ERROR;
				CLANG_WARN_QUOTED_INCLUDE_IN_FRAMEWORK_HEADER = YES;
				CLANG_WARN_RANGE_LOOP_ANALYSIS = YES;
				CLANG_WARN_STRICT_PROTOTYPES = YES;
				CLANG_WARN_SUSPICIOUS_MOVE = YES;
				CLANG_WARN_UNREACHABLE_CODE = YES;
				CLANG_WARN__DUPLICATE_METHOD_MATCH = YES;
				"CODE_SIGN_IDENTITY[sdk=iphoneos*]" = "iPhone Developer";
				COPY_PHASE_STRIP = NO;
				ENABLE_STRICT_OBJC_MSGSEND = YES;
				ENABLE_TESTABILITY = YES;
				"EXCLUDED_ARCHS[sdk=iphonesimulator*]" = i386;
				GCC_C_LANGUAGE_STANDARD = gnu99;
				GCC_DYNAMIC_NO_PIC = NO;
				GCC_NO_COMMON_BLOCKS = YES;
				GCC_OPTIMIZATION_LEVEL = 0;
				GCC_PREPROCESSOR_DEFINITIONS = (
					"DEBUG=1",
					"$(inherited)",
					_LIBCPP_ENABLE_CXX17_REMOVED_UNARY_BINARY_FUNCTION,
				);
				GCC_SYMBOLS_PRIVATE_EXTERN = NO;
				GCC_WARN_64_TO_32_BIT_CONVERSION = YES;
				GCC_WARN_ABOUT_RETURN_TYPE = YES_ERROR;
				GCC_WARN_UNDECLARED_SELECTOR = YES;
				GCC_WARN_UNINITIALIZED_AUTOS = YES_AGGRESSIVE;
				GCC_WARN_UNUSED_FUNCTION = YES;
				GCC_WARN_UNUSED_VARIABLE = YES;
				IPHONEOS_DEPLOYMENT_TARGET = 12.4;
				LD_RUNPATH_SEARCH_PATHS = (
					/usr/lib/swift,
					"$(inherited)",
				);
				LIBRARY_SEARCH_PATHS = (
					"\"$(SDKROOT)/usr/lib/swift\"",
					"\"$(TOOLCHAIN_DIR)/usr/lib/swift/$(PLATFORM_NAME)\"",
					"\"$(inherited)\"",
				);
				MTL_ENABLE_DEBUG_INFO = YES;
				ONLY_ACTIVE_ARCH = YES;
				OTHER_CFLAGS = "$(inherited)";
				OTHER_CPLUSPLUSFLAGS = (
					"$(OTHER_CFLAGS)",
					"-DFOLLY_NO_CONFIG",
					"-DFOLLY_MOBILE=1",
					"-DFOLLY_USE_LIBCPP=1",
				);
				OTHER_LDFLAGS = (
					"$(inherited)",
					"-Wl",
					"-ld_classic",
					"-Wl -ld_classic ",
				);
				REACT_NATIVE_PATH = "${PODS_ROOT}/../../node_modules/react-native";
				SDKROOT = iphoneos;
			};
			name = Debug;
		};
		83CBBA211A601CBA00E9B192 /* Release */ = {
			isa = XCBuildConfiguration;
			buildSettings = {
				ALWAYS_SEARCH_USER_PATHS = NO;
				CLANG_ANALYZER_LOCALIZABILITY_NONLOCALIZED = YES;
				CLANG_CXX_LANGUAGE_STANDARD = "c++17";
				CLANG_CXX_LIBRARY = "libc++";
				CLANG_ENABLE_MODULES = YES;
				CLANG_ENABLE_OBJC_ARC = YES;
				CLANG_WARN_BLOCK_CAPTURE_AUTORELEASING = YES;
				CLANG_WARN_BOOL_CONVERSION = YES;
				CLANG_WARN_COMMA = YES;
				CLANG_WARN_CONSTANT_CONVERSION = YES;
				CLANG_WARN_DEPRECATED_OBJC_IMPLEMENTATIONS = YES;
				CLANG_WARN_DIRECT_OBJC_ISA_USAGE = YES_ERROR;
				CLANG_WARN_EMPTY_BODY = YES;
				CLANG_WARN_ENUM_CONVERSION = YES;
				CLANG_WARN_INFINITE_RECURSION = YES;
				CLANG_WARN_INT_CONVERSION = YES;
				CLANG_WARN_NON_LITERAL_NULL_CONVERSION = YES;
				CLANG_WARN_OBJC_IMPLICIT_RETAIN_SELF = YES;
				CLANG_WARN_OBJC_LITERAL_CONVERSION = YES;
				CLANG_WARN_OBJC_ROOT_CLASS = YES_ERROR;
				CLANG_WARN_QUOTED_INCLUDE_IN_FRAMEWORK_HEADER = YES;
				CLANG_WARN_RANGE_LOOP_ANALYSIS = YES;
				CLANG_WARN_STRICT_PROTOTYPES = YES;
				CLANG_WARN_SUSPICIOUS_MOVE = YES;
				CLANG_WARN_UNREACHABLE_CODE = YES;
				CLANG_WARN__DUPLICATE_METHOD_MATCH = YES;
				"CODE_SIGN_IDENTITY[sdk=iphoneos*]" = "iPhone Developer";
				COPY_PHASE_STRIP = YES;
				ENABLE_NS_ASSERTIONS = NO;
				ENABLE_STRICT_OBJC_MSGSEND = YES;
				"EXCLUDED_ARCHS[sdk=iphonesimulator*]" = i386;
				GCC_C_LANGUAGE_STANDARD = gnu99;
				GCC_NO_COMMON_BLOCKS = YES;
				GCC_PREPROCESSOR_DEFINITIONS = (
					"$(inherited)",
					_LIBCPP_ENABLE_CXX17_REMOVED_UNARY_BINARY_FUNCTION,
				);
				GCC_WARN_64_TO_32_BIT_CONVERSION = YES;
				GCC_WARN_ABOUT_RETURN_TYPE = YES_ERROR;
				GCC_WARN_UNDECLARED_SELECTOR = YES;
				GCC_WARN_UNINITIALIZED_AUTOS = YES_AGGRESSIVE;
				GCC_WARN_UNUSED_FUNCTION = YES;
				GCC_WARN_UNUSED_VARIABLE = YES;
				IPHONEOS_DEPLOYMENT_TARGET = 12.4;
				LD_RUNPATH_SEARCH_PATHS = (
					/usr/lib/swift,
					"$(inherited)",
				);
				LIBRARY_SEARCH_PATHS = (
					"\"$(SDKROOT)/usr/lib/swift\"",
					"\"$(TOOLCHAIN_DIR)/usr/lib/swift/$(PLATFORM_NAME)\"",
					"\"$(inherited)\"",
				);
				MTL_ENABLE_DEBUG_INFO = NO;
				OTHER_CFLAGS = "$(inherited)";
				OTHER_CPLUSPLUSFLAGS = (
					"$(OTHER_CFLAGS)",
					"-DFOLLY_NO_CONFIG",
					"-DFOLLY_MOBILE=1",
					"-DFOLLY_USE_LIBCPP=1",
				);
				OTHER_LDFLAGS = (
					"$(inherited)",
					"-Wl",
					"-ld_classic",
					"-Wl -ld_classic ",
				);
				REACT_NATIVE_PATH = "${PODS_ROOT}/../../node_modules/react-native";
				SDKROOT = iphoneos;
				VALIDATE_PRODUCT = YES;
			};
			name = Release;
		};
/* End XCBuildConfiguration section */

/* Begin XCConfigurationList section */
		00E357021AD99517003FC87E /* Build configuration list for PBXNativeTarget "FacetecDemoTests" */ = {
			isa = XCConfigurationList;
			buildConfigurations = (
				00E356F61AD99517003FC87E /* Debug */,
				00E356F71AD99517003FC87E /* Release */,
			);
			defaultConfigurationIsVisible = 0;
			defaultConfigurationName = Release;
		};
		13B07F931A680F5B00A75B9A /* Build configuration list for PBXNativeTarget "FacetecDemo" */ = {
			isa = XCConfigurationList;
			buildConfigurations = (
				13B07F941A680F5B00A75B9A /* Debug */,
				13B07F951A680F5B00A75B9A /* Release */,
			);
			defaultConfigurationIsVisible = 0;
			defaultConfigurationName = Release;
		};
		83CBB9FA1A601CBA00E9B192 /* Build configuration list for PBXProject "FacetecDemo" */ = {
			isa = XCConfigurationList;
			buildConfigurations = (
				83CBBA201A601CBA00E9B192 /* Debug */,
				83CBBA211A601CBA00E9B192 /* Release */,
			);
			defaultConfigurationIsVisible = 0;
			defaultConfigurationName = Release;
		};
/* End XCConfigurationList section */
	};
	rootObject = 83CBB9F71A601CBA00E9B192 /* Project object */;
}
